
Microsoft Visual Studio Solution File, Format Version 12.00
Project("{FAE04EC0-301F-11D3-BF4B-00C04F79EFBC}") = "Aura", "Aura\Aura.csproj", "{0266671E-F942-4A05-816D-191136A89ABE}"
EndProject
Global
	GlobalSection(SolutionConfigurationPlatforms) = preSolution
		Debug|Any CPU = Debug|Any CPU
		Release|Any CPU = Release|Any CPU
	EndGlobalSection
	GlobalSection(ProjectConfigurationPlatforms) = postSolution
		{0266671E-F942-4A05-816D-191136A89ABE}.Debug|Any CPU.ActiveCfg = Debug|Any CPU
		{0266671E-F942-4A05-816D-191136A89ABE}.Debug|Any CPU.Build.0 = Debug|Any CPU
		{0266671E-F942-4A05-816D-191136A89ABE}.Release|Any CPU.ActiveCfg = Release|Any CPU
		{0266671E-F942-4A05-816D-191136A89ABE}.Release|Any CPU.Build.0 = Release|Any CPU
	EndGlobalSection
EndGlobal
